
Microsoft Visual Studio Solution File, Format Version 12.00
# Visual Studio Version 16
VisualStudioVersion = 16.0.31729.503
MinimumVisualStudioVersion = 10.0.40219.1
Project("{FAE04EC0-301F-11D3-BF4B-00C04F79EFBC}") = "RPS Bot", "RPS Bot\RPS Bot.csproj", "{3C9CDF2D-676F-45E9-8459-2A3508D8D9ED}"
EndProject
Global
	GlobalSection(SolutionConfigurationPlatforms) = preSolution
		Debug|Any CPU = Debug|Any CPU
		Release|Any CPU = Release|Any CPU
	EndGlobalSection
	GlobalSection(ProjectConfigurationPlatforms) = postSolution
		{3C9CDF2D-676F-45E9-8459-2A3508D8D9ED}.Debug|Any CPU.ActiveCfg = Debug|Any CPU
		{3C9CDF2D-676F-45E9-8459-2A3508D8D9ED}.Debug|Any CPU.Build.0 = Debug|Any CPU
		{3C9CDF2D-676F-45E9-8459-2A3508D8D9ED}.Release|Any CPU.ActiveCfg = Release|Any CPU
		{3C9CDF2D-676F-45E9-8459-2A3508D8D9ED}.Release|Any CPU.Build.0 = Release|Any CPU
	EndGlobalSection
	GlobalSection(SolutionProperties) = preSolution
		HideSolutionNode = FALSE
	EndGlobalSection
	GlobalSection(ExtensibilityGlobals) = postSolution
		SolutionGuid = {16F07B18-6BE3-4229-BC42-94140504F466}
	EndGlobalSection
EndGlobal
